
Microsoft Visual Studio Solution File, Format Version 12.00
# Visual Studio Version 16
VisualStudioVersion = 16.0.29409.12
MinimumVisualStudioVersion = 10.0.40219.1
Project("{9A19103F-16F7-4668-BE54-9A1E7A4F7556}") = "LowCostHousing", "LowCostHousing.csproj", "{BA89D429-2D2D-4A42-824F-9AE80811B53D}"
EndProject
Global
	GlobalSection(SolutionConfigurationPlatforms) = preSolution
		Debug|Any CPU = Debug|Any CPU
		Release|Any CPU = Release|Any CPU
	EndGlobalSection
	GlobalSection(ProjectConfigurationPlatforms) = postSolution
		{BA89D429-2D2D-4A42-824F-9AE80811B53D}.Debug|Any CPU.ActiveCfg = Debug|Any CPU
		{BA89D429-2D2D-4A42-824F-9AE80811B53D}.Debug|Any CPU.Build.0 = Debug|Any CPU
		{BA89D429-2D2D-4A42-824F-9AE80811B53D}.Release|Any CPU.ActiveCfg = Release|Any CPU
		{BA89D429-2D2D-4A42-824F-9AE80811B53D}.Release|Any CPU.Build.0 = Release|Any CPU
	EndGlobalSection
	GlobalSection(SolutionProperties) = preSolution
		HideSolutionNode = FALSE
	EndGlobalSection
	GlobalSection(ExtensibilityGlobals) = postSolution
		SolutionGuid = {FE8FD568-6472-480C-B55E-81A0E0C1876B}
	EndGlobalSection
EndGlobal
